{
  "version": 4,
  "terraform_version": "0.12.29",
  "serial": 8,
  "lineage": "906368c0-2aaa-da89-3db3-908bed031b83",
  "outputs": {},
  "resources": [
    {
      "module": "module.bastion",
      "mode": "managed",
      "type": "ovirt_vm",
      "name": "vm",
      "provider": "provider.ovirt",
      "instances": [
        {
          "schema_version": 0,
          "attributes": {
            "auto_start": true,
            "block_device": [],
            "boot_devices": null,
            "clone": false,
            "cluster_id": "b88ce044-e54b-11ea-b386-525400a97cd1",
            "cores": 2,
            "high_availability": true,
            "id": "43e571ce-e6f3-4dc6-a54e-5e80241dba60",
            "initialization": [
              {
                "authorized_ssh_key": "ssh-rsa AAAAB3NzaC1yc2EAAAADAQABAAABAQC3KhYWwE3F2OxiLplD1fqD0XpeEfEpZoJy8WEmi7RakAsDWPXBVrpwcXhIlaDm4VQCIGCUqxfEKR5jePz9yD7XM9okfXtHcwbkMBfhfO2oVEhs/e/P6EzuY8lHeUk5T/FqCCCGWCA8ktXQbOrzQ3qJion5ppQZqSV0fpuZv4cwf98jbMIFcMfbUNHGXFnsJWW0/7/vrQRa4Q4pDgEMIbxD2GNUg7iuvKGt4h7qNCvbw5Nk8SwmCR+Rw2yGG8BVQaZbSGhjCiU9Y0v08r0HaxCOLLt0aAOCaPXmsMGQAfiy5KEY+qUG/hzTho460o84RVkztDtpr30x4wvRyACwc9A5\n",
                "custom_script": "",
                "dns_search": "dns.mwocp.com",
                "dns_servers": "8.8.8.8",
                "host_name": "bastion.mwocp.com",
                "nic_configuration": [
                  {
                    "address": "10.65.40.10",
                    "boot_proto": "static",
                    "gateway": "10.65.40.1",
                    "label": "eth0",
                    "netmask": "255.255.255.0",
                    "on_boot": true
                  }
                ],
                "timezone": "Asia/Seoul",
                "user_name": "ssong"
              }
            ],
            "instance_type_id": null,
            "memory": 4096,
            "name": "mwsong-bastion",
            "nics": [],
            "os": [
              {
                "type": "rhel_7x64"
              }
            ],
            "sockets": 1,
            "status": "up",
            "template_id": "e35aa687-8e84-49ab-9dbb-d25acd3f2b47",
            "threads": 1,
            "timeouts": null,
            "type": null
          },
          "private": "eyJlMmJmYjczMC1lY2FhLTExZTYtOGY4OC0zNDM2M2JjN2M0YzAiOnsiY3JlYXRlIjo2MDAwMDAwMDAwMDAsImRlbGV0ZSI6NjAwMDAwMDAwMDAwLCJ1cGRhdGUiOjYwMDAwMDAwMDAwMH19"
        }
      ]
    }
  ]
}
